
Microsoft Visual Studio Solution File, Format Version 12.00
# Visual Studio Version 17
VisualStudioVersion = 17.1.32210.238
MinimumVisualStudioVersion = 10.0.40219.1
Project("{FAE04EC0-301F-11D3-BF4B-00C04F79EFBC}") = "WebATomataoes", "WebATomataoes\WebATomataoes.csproj", "{39456F28-142A-4D1F-9F2B-10C723FD6E6E}"
EndProject
Global
	GlobalSection(SolutionConfigurationPlatforms) = preSolution
		Debug|Any CPU = Debug|Any CPU
		Release|Any CPU = Release|Any CPU
	EndGlobalSection
	GlobalSection(ProjectConfigurationPlatforms) = postSolution
		{39456F28-142A-4D1F-9F2B-10C723FD6E6E}.Debug|Any CPU.ActiveCfg = Debug|Any CPU
		{39456F28-142A-4D1F-9F2B-10C723FD6E6E}.Debug|Any CPU.Build.0 = Debug|Any CPU
		{39456F28-142A-4D1F-9F2B-10C723FD6E6E}.Release|Any CPU.ActiveCfg = Release|Any CPU
		{39456F28-142A-4D1F-9F2B-10C723FD6E6E}.Release|Any CPU.Build.0 = Release|Any CPU
	EndGlobalSection
	GlobalSection(SolutionProperties) = preSolution
		HideSolutionNode = FALSE
	EndGlobalSection
	GlobalSection(ExtensibilityGlobals) = postSolution
		SolutionGuid = {7E27D625-603D-46CB-BDA0-AA8373CB6D61}
	EndGlobalSection
EndGlobal
